PODS:
  - NCMB (3.0.1)
  - NYXImagesKit (2.3)
  - SVProgressHUD (2.2.5)

DEPENDENCIES:
  - NCMB (from `https://github.com/NIFCloud-mbaas/ncmb_ios.git`)
  - NYXImagesKit
  - SVProgressHUD

SPEC REPOS:
  https://github.com/cocoapods/specs.git:
    - NYXImagesKit
    - SVProgressHUD

EXTERNAL SOURCES:
  NCMB:
    :git: https://github.com/NIFCloud-mbaas/ncmb_ios.git

CHECKOUT OPTIONS:
  NCMB:
    :commit: ee91ac4978b78f244b4c4d838aa0287b05da4b64
    :git: https://github.com/NIFCloud-mbaas/ncmb_ios.git

SPEC CHECKSUMS:
  NCMB: 470e5d51a643b0b77487792c179c1454ee0a55ae
  NYXImagesKit: 8163e3335a40eaa173ca5bbbf81fafb57d3947eb
  SVProgressHUD: 1428aafac632c1f86f62aa4243ec12008d7a51d6

PODFILE CHECKSUM: 752b1421699669ac15cbc0141136ad5ca1c3c336

COCOAPODS: 1.7.4
